{
  "nodes": {
    "crawley": {
      "inputs": {
        "nixpkgs": "nixpkgs"
      },
      "locked": {
        "lastModified": 1,
        "narHash": "sha256-rFkP+OYtk0v1299bNesMXxp6i1UYA/PAwGar//vb08c=",
        "path": "./crawley",
        "type": "path"
      },
      "original": {
        "path": "./crawley",
        "type": "path"
      }
    },
    "dt": {
      "inputs": {
        "nixpkgs": "nixpkgs_2"
      },
      "locked": {
        "lastModified": 1,
        "narHash": "sha256-1eM952mepnK/W9YV+TRYmC+2Mm+QY05CNNvd7TNztnA=",
        "path": "./dt",
        "type": "path"
      },
      "original": {
        "path": "./dt",
        "type": "path"
      }
    },
    "flake-utils": {
      "inputs": {
        "systems": "systems"
      },
      "locked": {
        "lastModified": 1689068808,
        "narHash": "sha256-6ixXo3wt24N/melDWjq70UuHQLxGV8jZvooRanIHXw0=",
        "owner": "numtide",
        "repo": "flake-utils",
        "rev": "919d646de7be200f3bf08cb76ae1f09402b6f9b4",
        "type": "github"
      },
      "original": {
        "owner": "numtide",
        "repo": "flake-utils",
        "type": "github"
      }
    },
    "flake-utils_2": {
      "inputs": {
        "systems": "systems_2"
      },
      "locked": {
        "lastModified": 1689068808,
        "narHash": "sha256-6ixXo3wt24N/melDWjq70UuHQLxGV8jZvooRanIHXw0=",
        "owner": "numtide",
        "repo": "flake-utils",
        "rev": "919d646de7be200f3bf08cb76ae1f09402b6f9b4",
        "type": "github"
      },
      "original": {
        "owner": "numtide",
        "repo": "flake-utils",
        "type": "github"
      }
    },
    "lua-shepi-nixpkgs": {
      "locked": {
        "lastModified": 1691466264,
        "narHash": "sha256-si02qoKns0QqiwhCesuRtKSAqTe/f2aGGbyFIeiBda8=",
        "owner": "thenbe",
        "repo": "nixpkgs",
        "rev": "1e9bf9a36024200db00773350ecf2c00e53d8b58",
        "type": "github"
      },
      "original": {
        "owner": "thenbe",
        "ref": "lua-shepi-1.4.1",
        "repo": "nixpkgs",
        "type": "github"
      }
    },
    "nixpkgs": {
      "locked": {
        "lastModified": 1691472822,
        "narHash": "sha256-XVfYZ2oB3lNPVq6sHCY9WkdQ8lHoIDzzbpg8bB6oBxA=",
        "owner": "NixOS",
        "repo": "nixpkgs",
        "rev": "41c7605718399dcfa53dd7083793b6ae3bc969ff",
        "type": "github"
      },
      "original": {
        "owner": "NixOS",
        "ref": "nixos-unstable",
        "repo": "nixpkgs",
        "type": "github"
      }
    },
    "nixpkgs_2": {
      "locked": {
        "lastModified": 1691472822,
        "narHash": "sha256-XVfYZ2oB3lNPVq6sHCY9WkdQ8lHoIDzzbpg8bB6oBxA=",
        "owner": "NixOS",
        "repo": "nixpkgs",
        "rev": "41c7605718399dcfa53dd7083793b6ae3bc969ff",
        "type": "github"
      },
      "original": {
        "owner": "NixOS",
        "ref": "nixos-unstable",
        "repo": "nixpkgs",
        "type": "github"
      }
    },
    "nixpkgs_3": {
      "locked": {
        "lastModified": 1691472822,
        "narHash": "sha256-XVfYZ2oB3lNPVq6sHCY9WkdQ8lHoIDzzbpg8bB6oBxA=",
        "owner": "NixOS",
        "repo": "nixpkgs",
        "rev": "41c7605718399dcfa53dd7083793b6ae3bc969ff",
        "type": "github"
      },
      "original": {
        "owner": "NixOS",
        "ref": "nixos-unstable",
        "repo": "nixpkgs",
        "type": "github"
      }
    },
    "nixpkgs_4": {
      "locked": {
        "lastModified": 1691297140,
        "narHash": "sha256-CQR4Qloxv6gGgENEwkRgm+n8gJsi9qEz6F0Lcl9P6FM=",
        "owner": "thenbe",
        "repo": "nixpkgs",
        "rev": "0d440a4e3784ff06a194102a2dcfb767f546a90f",
        "type": "github"
      },
      "original": {
        "owner": "thenbe",
        "ref": "playwright-driver-1.36.2",
        "repo": "nixpkgs",
        "type": "github"
      }
    },
    "nixpkgs_5": {
      "locked": {
        "lastModified": 1691472822,
        "narHash": "sha256-XVfYZ2oB3lNPVq6sHCY9WkdQ8lHoIDzzbpg8bB6oBxA=",
        "owner": "NixOS",
        "repo": "nixpkgs",
        "rev": "41c7605718399dcfa53dd7083793b6ae3bc969ff",
        "type": "github"
      },
      "original": {
        "owner": "NixOS",
        "ref": "nixos-unstable",
        "repo": "nixpkgs",
        "type": "github"
      }
    },
    "playwright": {
      "inputs": {
        "flake-utils": "flake-utils_2",
        "nixpkgs": "nixpkgs_4"
      },
      "locked": {
        "lastModified": 1,
        "narHash": "sha256-lCVhhIJ9s4no1CQg7of5iEqZpDr3pa4T7uuYDv5AcWY=",
        "path": "./playwright",
        "type": "path"
      },
      "original": {
        "path": "./playwright",
        "type": "path"
      }
    },
    "root": {
      "inputs": {
        "crawley": "crawley",
        "dt": "dt",
        "flake-utils": "flake-utils",
        "lua-shepi-nixpkgs": "lua-shepi-nixpkgs",
        "nixpkgs": "nixpkgs_3",
        "playwright": "playwright",
        "tableplus": "tableplus"
      }
    },
    "systems": {
      "locked": {
        "lastModified": 1681028828,
        "narHash": "sha256-Vy1rq5AaRuLzOxct8nz4T6wlgyUR7zLU309k9mBC768=",
        "owner": "nix-systems",
        "repo": "default",
        "rev": "da67096a3b9bf56a91d16901293e51ba5b49a27e",
        "type": "github"
      },
      "original": {
        "owner": "nix-systems",
        "repo": "default",
        "type": "github"
      }
    },
    "systems_2": {
      "locked": {
        "lastModified": 1681028828,
        "narHash": "sha256-Vy1rq5AaRuLzOxct8nz4T6wlgyUR7zLU309k9mBC768=",
        "owner": "nix-systems",
        "repo": "default",
        "rev": "da67096a3b9bf56a91d16901293e51ba5b49a27e",
        "type": "github"
      },
      "original": {
        "owner": "nix-systems",
        "repo": "default",
        "type": "github"
      }
    },
    "tableplus": {
      "inputs": {
        "nixpkgs": "nixpkgs_5"
      },
      "locked": {
        "lastModified": 1,
        "narHash": "sha256-+WDnMc1Zrj3986MF8S5oGmAS/3bnHOD3HbcE02pV85A=",
        "path": "./tableplus",
        "type": "path"
      },
      "original": {
        "path": "./tableplus",
        "type": "path"
      }
    }
  },
  "root": "root",
  "version": 7
}
